
Microsoft Visual Studio Solution File, Format Version 12.00
# Visual Studio 14
VisualStudioVersion = 14.0.25420.1
MinimumVisualStudioVersion = 10.0.40219.1
Project("{FAE04EC0-301F-11D3-BF4B-00C04F79EFBC}") = "calculator", "calculator\calculator.csproj", "{8B09738A-9FD4-47CA-A1A6-126FCCEFB4AA}"
EndProject
Project("{FAE04EC0-301F-11D3-BF4B-00C04F79EFBC}") = "calculator.Test", "calculator.Test\calculator.Test.csproj", "{C81A563C-EFA1-4D2C-817C-C0BC3A74F03D}"
EndProject
Project("{FAE04EC0-301F-11D3-BF4B-00C04F79EFBC}") = "Webcalculator", "Webcalculator\Webcalculator.csproj", "{7D61A716-6B8B-4A99-9D1C-788073BC8FF3}"
EndProject
Global
	GlobalSection(SolutionConfigurationPlatforms) = preSolution
		Debug|Any CPU = Debug|Any CPU
		Release|Any CPU = Release|Any CPU
	EndGlobalSection
	GlobalSection(ProjectConfigurationPlatforms) = postSolution
		{8B09738A-9FD4-47CA-A1A6-126FCCEFB4AA}.Debug|Any CPU.ActiveCfg = Debug|Any CPU
		{8B09738A-9FD4-47CA-A1A6-126FCCEFB4AA}.Debug|Any CPU.Build.0 = Debug|Any CPU
		{8B09738A-9FD4-47CA-A1A6-126FCCEFB4AA}.Release|Any CPU.ActiveCfg = Release|Any CPU
		{8B09738A-9FD4-47CA-A1A6-126FCCEFB4AA}.Release|Any CPU.Build.0 = Release|Any CPU
		{C81A563C-EFA1-4D2C-817C-C0BC3A74F03D}.Debug|Any CPU.ActiveCfg = Debug|Any CPU
		{C81A563C-EFA1-4D2C-817C-C0BC3A74F03D}.Debug|Any CPU.Build.0 = Debug|Any CPU
		{C81A563C-EFA1-4D2C-817C-C0BC3A74F03D}.Release|Any CPU.ActiveCfg = Release|Any CPU
		{C81A563C-EFA1-4D2C-817C-C0BC3A74F03D}.Release|Any CPU.Build.0 = Release|Any CPU
		{7D61A716-6B8B-4A99-9D1C-788073BC8FF3}.Debug|Any CPU.ActiveCfg = Debug|Any CPU
		{7D61A716-6B8B-4A99-9D1C-788073BC8FF3}.Debug|Any CPU.Build.0 = Debug|Any CPU
		{7D61A716-6B8B-4A99-9D1C-788073BC8FF3}.Release|Any CPU.ActiveCfg = Release|Any CPU
		{7D61A716-6B8B-4A99-9D1C-788073BC8FF3}.Release|Any CPU.Build.0 = Release|Any CPU
	EndGlobalSection
	GlobalSection(SolutionProperties) = preSolution
		HideSolutionNode = FALSE
	EndGlobalSection
EndGlobal
